github.com/aliforever/go-telegram-bot-api v0.1.14 h1:6v7JQjKyp2Ybr6FQmkFFC3tFJpTrAgUKncQuhIJ7M7I=
github.com/aliforever/go-telegram-bot-api v0.1.14/go.mod h1:bGDtTM6A/dG4VbFV2ulQ9J/KPVSghRCTb4/8yOZp4RM=
github.com/aliforever/go-telegram-bot-api v0.2.0 h1:iWxlSCyXTWcyDXSjsIeUwFqN6kI/96lal39VUAdLBew=
github.com/aliforever/go-telegram-bot-api v0.2.0/go.mod h1:bGDtTM6A/dG4VbFV2ulQ9J/KPVSghRCTb4/8yOZp4RM=
github.com/aliforever/go-telegram-bot-api v0.2.5 h1:g2F0EAdFmadoiz96XZRGNW/Zs5Fku21fPCxUN9xptLE=
github.com/aliforever/go-telegram-bot-api v0.2.5/go.mod h1:MtlIWawW8t/oNaX+an1QDh8gAIzSrNV6cP8x2BMBq8Y=
github.com/aliforever/go-telegram-bot-api v0.2.6 h1:rvhU3No9OGS8qV0wvFNCcOwMCwOPBPmKDZRXwDLw/7A=
github.com/aliforever/go-telegram-bot-api v0.2.6/go.mod h1:MtlIWawW8t/oNaX+an1QDh8gAIzSrNV6cP8x2BMBq8Y=
github.com/aliforever/go-telegram-bot-api v0.2.7 h1:3U3p9z1HKJQ7AGSSSPxvH1zA+ZMocTmNH3P9btIGIbs=
github.com/aliforever/go-telegram-bot-api v0.2.7/go.mod h1:MtlIWawW8t/oNaX+an1QDh8gAIzSrNV6cP8x2BMBq8Y=
github.com/aliforever/go-telegram-bot-api v0.2.8 h1:ZrZVtaFoWO1IkK5dW4IWPv1l8C6QqfD4gOQjyDQHiIY=
github.com/aliforever/go-telegram-bot-api v0.2.8/go.mod h1:MtlIWawW8t/oNaX+an1QDh8gAIzSrNV6cP8x2BMBq8Y=
github.com/davecgh/go-spew v1.1.0/go.mod h1:J7Y8YcW2NihsgmVo/mv3lAwl/skON4iLHjSsI+c5H38=
github.com/davecgh/go-spew v1.1.1/go.mod h1:J7Y8YcW2NihsgmVo/mv3lAwl/skON4iLHjSsI+c5H38=
github.com/go-resty/resty/v2 v2.7.0 h1:me+K9p3uhSmXtrBZ4k9jcEAfJmuC8IivWHwaLZwPrFY=
github.com/go-resty/resty/v2 v2.7.0/go.mod h1:9PWDzw47qPphMRFfhsyk0NnSgvluHcljSMVIq3w7q0I=
github.com/kr/pretty v0.2.1 h1:Fmg33tUaq4/8ym9TJN1x7sLJnHVwhP33CNkpYV/7rwI=
github.com/kr/pretty v0.2.1/go.mod h1:ipq/a2n7PKx3OHsz4KJII5eveXtPO4qwEXGdVfWzfnI=
github.com/kr/pty v1.1.1/go.mod h1:pFQYn66WHrOpPYNljwOMqo10TkYh1fy3cYio2l3bCsQ=
github.com/kr/text v0.1.0 h1:45sCR5RtlFHMR4UwH9sdQ5TC8v0qDQCHnXt+kaKSTVE=
github.com/kr/text v0.1.0/go.mod h1:4Jbv+DJW3UT/LiOwJeYQe1efqtUx/iVham/4vfdArNI=
github.com/pmezard/go-difflib v1.0.0/go.mod h1:iKH77koFhYxTK1pcRnkKkqfTogsbg7gZNVY4sRDYZ/4=
github.com/sirupsen/logrus v1.9.0 h1:trlNQbNUG3OdDrDil03MCb1H2o9nJ1x4/5LYw7byDE0=
github.com/sirupsen/logrus v1.9.0/go.mod h1:naHLuLoDiP4jHNo9R0sCBMtWGeIprob74mVsIT4qYEQ=
github.com/stretchr/objx v0.1.0/go.mod h1:HFkY916IF+rwdDfMAkV7OtwuqBVzrE8GR6GFx+wExME=
github.com/stretchr/testify v1.7.0/go.mod h1:6Fq8oRcR53rry900zMqJjRRixrwX3KX962/h/Wwjteg=
golang.org/x/net v0.0.0-20211029224645-99673261e6eb/go.mod h1:9nx3DQGgdP8bBQD5qxJ1jj9UTztislL4KSBs9R2vV5Y=
golang.org/x/net v0.8.0 h1:Zrh2ngAOFYneWTAIAPethzeaQLuHwhuBkuV6ZiRnUaQ=
golang.org/x/net v0.8.0/go.mod h1:QVkue5JL9kW//ek3r6jTKnTFis1tRmNAW2P1shuFdJc=
golang.org/x/net v0.9.0 h1:aWJ/m6xSmxWBx+V0XRHTlrYrPG56jKsLdTFmsSsCzOM=
golang.org/x/net v0.9.0/go.mod h1:d48xBJpPfHeWQsugry2m+kC02ZBRGRgulfHnEXEuWns=
golang.org/x/sys v0.0.0-20201119102817-f84b799fce68/go.mod h1:h1NjWce9XRLGQEsW7wpKNCjG9DtNlClVuFLEZdDNbEs=
golang.org/x/sys v0.0.0-20210423082822-04245dca01da/go.mod h1:h1NjWce9XRLGQEsW7wpKNCjG9DtNlClVuFLEZdDNbEs=
golang.org/x/sys v0.0.0-20220715151400-c0bba94af5f8/go.mod h1:oPkhp1MJrh7nUepCBck5+mAzfO9JrbApNNgaTdGDITg=
golang.org/x/sys v0.7.0 h1:3jlCCIQZPdOYu1h8BkNvLz8Kgwtae2cagcG/VamtZRU=
golang.org/x/sys v0.7.0/go.mod h1:oPkhp1MJrh7nUepCBck5+mAzfO9JrbApNNgaTdGDITg=
golang.org/x/term v0.0.0-20201126162022-7de9c90e9dd1/go.mod h1:bj7SfCRtBDWHUb9snDiAeCFNEtKQo2Wmx5Cou7ajbmo=
golang.org/x/text v0.3.6/go.mod h1:5Zoc/QRtKVWzQhOtBMvqHzDpF6irO9z98xDceosuGiQ=
golang.org/x/tools v0.0.0-20180917221912-90fa682c2a6e/go.mod h1:n7NCudcB/nEzxVGmLbDWY5pfWTLqBcC2KZ6jyYvM4mQ=
gopkg.in/check.v1 v0.0.0-20161208181325-20d25e280405/go.mod h1:Co6ibVJAznAaIkqp8huTwlJQCZ016jof/cbN4VW5Yz0=
gopkg.in/yaml.v3 v3.0.0-20200313102051-9f266ea9e77c/go.mod h1:K4uyk7z7BCEPqu6E+C64Yfv1cQ7kz7rIZviUmN+EgEM=
